
Microsoft Visual Studio Solution File, Format Version 12.00
# Visual Studio 15
VisualStudioVersion = 15.0.28307.136
MinimumVisualStudioVersion = 10.0.40219.1
Project("{FAE04EC0-301F-11D3-BF4B-00C04F79EFBC}") = "CollectionViewPlayground.Android", "CollectionViewPlayground\CollectionViewPlayground.Android\CollectionViewPlayground.Android.csproj", "{617DC795-3D0D-4446-9A30-997FB530DAAF}"
EndProject
Project("{FAE04EC0-301F-11D3-BF4B-00C04F79EFBC}") = "CollectionViewPlayground.iOS", "CollectionViewPlayground\CollectionViewPlayground.iOS\CollectionViewPlayground.iOS.csproj", "{8059A08A-1E11-46BC-9808-22FB9C8BC9DE}"
EndProject
Project("{9A19103F-16F7-4668-BE54-9A1E7A4F7556}") = "CollectionViewPlayground", "CollectionViewPlayground\CollectionViewPlayground\CollectionViewPlayground.csproj", "{EDB78714-CF65-4D1C-9EFE-D9930C27C93D}"
EndProject
Global
	GlobalSection(SolutionConfigurationPlatforms) = preSolution
		Ad-Hoc|Any CPU = Ad-Hoc|Any CPU
		Ad-Hoc|ARM = Ad-Hoc|ARM
		Ad-Hoc|iPhone = Ad-Hoc|iPhone
		Ad-Hoc|iPhoneSimulator = Ad-Hoc|iPhoneSimulator
		Ad-Hoc|x64 = Ad-Hoc|x64
		Ad-Hoc|x86 = Ad-Hoc|x86
		AppStore|Any CPU = AppStore|Any CPU
		AppStore|ARM = AppStore|ARM
		AppStore|iPhone = AppStore|iPhone
		AppStore|iPhoneSimulator = AppStore|iPhoneSimulator
		AppStore|x64 = AppStore|x64
		AppStore|x86 = AppStore|x86
		Debug|Any CPU = Debug|Any CPU
		Debug|ARM = Debug|ARM
		Debug|iPhone = Debug|iPhone
		Debug|iPhoneSimulator = Debug|iPhoneSimulator
		Debug|x64 = Debug|x64
		Debug|x86 = Debug|x86
		Release|Any CPU = Release|Any CPU
		Release|ARM = Release|ARM
		Release|iPhone = Release|iPhone
		Release|iPhoneSimulator = Release|iPhoneSimulator
		Release|x64 = Release|x64
		Release|x86 = Release|x86
	EndGlobalSection
	GlobalSection(ProjectConfigurationPlatforms) = postSolution
		{617DC795-3D0D-4446-9A30-997FB530DAAF}.Ad-Hoc|Any CPU.ActiveCfg = Release|Any CPU
		{617DC795-3D0D-4446-9A30-997FB530DAAF}.Ad-Hoc|Any CPU.Build.0 = Release|Any CPU
		{617DC795-3D0D-4446-9A30-997FB530DAAF}.Ad-Hoc|Any CPU.Deploy.0 = Release|Any CPU
		{617DC795-3D0D-4446-9A30-997FB530DAAF}.Ad-Hoc|ARM.ActiveCfg = Release|Any CPU
		{617DC795-3D0D-4446-9A30-997FB530DAAF}.Ad-Hoc|ARM.Build.0 = Release|Any CPU
		{617DC795-3D0D-4446-9A30-997FB530DAAF}.Ad-Hoc|ARM.Deploy.0 = Release|Any CPU
		{617DC795-3D0D-4446-9A30-997FB530DAAF}.Ad-Hoc|iPhone.ActiveCfg = Release|Any CPU
		{617DC795-3D0D-4446-9A30-997FB530DAAF}.Ad-Hoc|iPhone.Build.0 = Release|Any CPU
		{617DC795-3D0D-4446-9A30-997FB530DAAF}.Ad-Hoc|iPhone.Deploy.0 = Release|Any CPU
		{617DC795-3D0D-4446-9A30-997FB530DAAF}.Ad-Hoc|iPhoneSimulator.ActiveCfg = Release|Any CPU
		{617DC795-3D0D-4446-9A30-997FB530DAAF}.Ad-Hoc|iPhoneSimulator.Build.0 = Release|Any CPU
		{617DC795-3D0D-4446-9A30-997FB530DAAF}.Ad-Hoc|iPhoneSimulator.Deploy.0 = Release|Any CPU
		{617DC795-3D0D-4446-9A30-997FB530DAAF}.Ad-Hoc|x64.ActiveCfg = Release|Any CPU
		{617DC795-3D0D-4446-9A30-997FB530DAAF}.Ad-Hoc|x64.Build.0 = Release|Any CPU
		{617DC795-3D0D-4446-9A30-997FB530DAAF}.Ad-Hoc|x64.Deploy.0 = Release|Any CPU
		{617DC795-3D0D-4446-9A30-997FB530DAAF}.Ad-Hoc|x86.ActiveCfg = Release|Any CPU
		{617DC795-3D0D-4446-9A30-997FB530DAAF}.Ad-Hoc|x86.Build.0 = Release|Any CPU
		{617DC795-3D0D-4446-9A30-997FB530DAAF}.Ad-Hoc|x86.Deploy.0 = Release|Any CPU
		{617DC795-3D0D-4446-9A30-997FB530DAAF}.AppStore|Any CPU.ActiveCfg = Release|Any CPU
		{617DC795-3D0D-4446-9A30-997FB530DAAF}.AppStore|Any CPU.Build.0 = Release|Any CPU
		{617DC795-3D0D-4446-9A30-997FB530DAAF}.AppStore|Any CPU.Deploy.0 = Release|Any CPU
		{617DC795-3D0D-4446-9A30-997FB530DAAF}.AppStore|ARM.ActiveCfg = Release|Any CPU
		{617DC795-3D0D-4446-9A30-997FB530DAAF}.AppStore|ARM.Build.0 = Release|Any CPU
		{617DC795-3D0D-4446-9A30-997FB530DAAF}.AppStore|ARM.Deploy.0 = Release|Any CPU
		{617DC795-3D0D-4446-9A30-997FB530DAAF}.AppStore|iPhone.ActiveCfg = Release|Any CPU
		{617DC795-3D0D-4446-9A30-997FB530DAAF}.AppStore|iPhone.Build.0 = Release|Any CPU
		{617DC795-3D0D-4446-9A30-997FB530DAAF}.AppStore|iPhone.Deploy.0 = Release|Any CPU
		{617DC795-3D0D-4446-9A30-997FB530DAAF}.AppStore|iPhoneSimulator.ActiveCfg = Release|Any CPU
		{617DC795-3D0D-4446-9A30-997FB530DAAF}.AppStore|iPhoneSimulator.Build.0 = Release|Any CPU
		{617DC795-3D0D-4446-9A30-997FB530DAAF}.AppStore|iPhoneSimulator.Deploy.0 = Release|Any CPU
		{617DC795-3D0D-4446-9A30-997FB530DAAF}.AppStore|x64.ActiveCfg = Release|Any CPU
		{617DC795-3D0D-4446-9A30-997FB530DAAF}.AppStore|x64.Build.0 = Release|Any CPU
		{617DC795-3D0D-4446-9A30-997FB530DAAF}.AppStore|x64.Deploy.0 = Release|Any CPU
		{617DC795-3D0D-4446-9A30-997FB530DAAF}.AppStore|x86.ActiveCfg = Release|Any CPU
		{617DC795-3D0D-4446-9A30-997FB530DAAF}.AppStore|x86.Build.0 = Release|Any CPU
		{617DC795-3D0D-4446-9A30-997FB530DAAF}.AppStore|x86.Deploy.0 = Release|Any CPU
		{617DC795-3D0D-4446-9A30-997FB530DAAF}.Debug|Any CPU.ActiveCfg = Debug|Any CPU
		{617DC795-3D0D-4446-9A30-997FB530DAAF}.Debug|Any CPU.Build.0 = Debug|Any CPU
		{617DC795-3D0D-4446-9A30-997FB530DAAF}.Debug|Any CPU.Deploy.0 = Debug|Any CPU
		{617DC795-3D0D-4446-9A30-997FB530DAAF}.Debug|ARM.ActiveCfg = Debug|Any CPU
		{617DC795-3D0D-4446-9A30-997FB530DAAF}.Debug|ARM.Build.0 = Debug|Any CPU
		{617DC795-3D0D-4446-9A30-997FB530DAAF}.Debug|ARM.Deploy.0 = Debug|Any CPU
		{617DC795-3D0D-4446-9A30-997FB530DAAF}.Debug|iPhone.ActiveCfg = Debug|Any CPU
		{617DC795-3D0D-4446-9A30-997FB530DAAF}.Debug|iPhone.Build.0 = Debug|Any CPU
		{617DC795-3D0D-4446-9A30-997FB530DAAF}.Debug|iPhone.Deploy.0 = Debug|Any CPU
		{617DC795-3D0D-4446-9A30-997FB530DAAF}.Debug|iPhoneSimulator.ActiveCfg = Debug|Any CPU
		{617DC795-3D0D-4446-9A30-997FB530DAAF}.Debug|iPhoneSimulator.Build.0 = Debug|Any CPU
		{617DC795-3D0D-4446-9A30-997FB530DAAF}.Debug|iPhoneSimulator.Deploy.0 = Debug|Any CPU
		{617DC795-3D0D-4446-9A30-997FB530DAAF}.Debug|x64.ActiveCfg = Debug|Any CPU
		{617DC795-3D0D-4446-9A30-997FB530DAAF}.Debug|x64.Build.0 = Debug|Any CPU
		{617DC795-3D0D-4446-9A30-997FB530DAAF}.Debug|x64.Deploy.0 = Debug|Any CPU
		{617DC795-3D0D-4446-9A30-997FB530DAAF}.Debug|x86.ActiveCfg = Debug|Any CPU
		{617DC795-3D0D-4446-9A30-997FB530DAAF}.Debug|x86.Build.0 = Debug|Any CPU
		{617DC795-3D0D-4446-9A30-997FB530DAAF}.Debug|x86.Deploy.0 = Debug|Any CPU
		{617DC795-3D0D-4446-9A30-997FB530DAAF}.Release|Any CPU.ActiveCfg = Release|Any CPU
		{617DC795-3D0D-4446-9A30-997FB530DAAF}.Release|Any CPU.Build.0 = Release|Any CPU
		{617DC795-3D0D-4446-9A30-997FB530DAAF}.Release|Any CPU.Deploy.0 = Release|Any CPU
		{617DC795-3D0D-4446-9A30-997FB530DAAF}.Release|ARM.ActiveCfg = Release|Any CPU
		{617DC795-3D0D-4446-9A30-997FB530DAAF}.Release|ARM.Build.0 = Release|Any CPU
		{617DC795-3D0D-4446-9A30-997FB530DAAF}.Release|ARM.Deploy.0 = Release|Any CPU
		{617DC795-3D0D-4446-9A30-997FB530DAAF}.Release|iPhone.ActiveCfg = Release|Any CPU
		{617DC795-3D0D-4446-9A30-997FB530DAAF}.Release|iPhone.Build.0 = Release|Any CPU
		{617DC795-3D0D-4446-9A30-997FB530DAAF}.Release|iPhone.Deploy.0 = Release|Any CPU
		{617DC795-3D0D-4446-9A30-997FB530DAAF}.Release|iPhoneSimulator.ActiveCfg = Release|Any CPU
		{617DC795-3D0D-4446-9A30-997FB530DAAF}.Release|iPhoneSimulator.Build.0 = Release|Any CPU
		{617DC795-3D0D-4446-9A30-997FB530DAAF}.Release|iPhoneSimulator.Deploy.0 = Release|Any CPU
		{617DC795-3D0D-4446-9A30-997FB530DAAF}.Release|x64.ActiveCfg = Release|Any CPU
		{617DC795-3D0D-4446-9A30-997FB530DAAF}.Release|x64.Build.0 = Release|Any CPU
		{617DC795-3D0D-4446-9A30-997FB530DAAF}.Release|x64.Deploy.0 = Release|Any CPU
		{617DC795-3D0D-4446-9A30-997FB530DAAF}.Release|x86.ActiveCfg = Release|Any CPU
		{617DC795-3D0D-4446-9A30-997FB530DAAF}.Release|x86.Build.0 = Release|Any CPU
		{617DC795-3D0D-4446-9A30-997FB530DAAF}.Release|x86.Deploy.0 = Release|Any CPU
		{8059A08A-1E11-46BC-9808-22FB9C8BC9DE}.Ad-Hoc|Any CPU.ActiveCfg = Ad-Hoc|iPhone
		{8059A08A-1E11-46BC-9808-22FB9C8BC9DE}.Ad-Hoc|Any CPU.Build.0 = Ad-Hoc|iPhone
		{8059A08A-1E11-46BC-9808-22FB9C8BC9DE}.Ad-Hoc|Any CPU.Deploy.0 = Ad-Hoc|iPhone
		{8059A08A-1E11-46BC-9808-22FB9C8BC9DE}.Ad-Hoc|ARM.ActiveCfg = Ad-Hoc|iPhone
		{8059A08A-1E11-46BC-9808-22FB9C8BC9DE}.Ad-Hoc|ARM.Build.0 = Ad-Hoc|iPhone
		{8059A08A-1E11-46BC-9808-22FB9C8BC9DE}.Ad-Hoc|ARM.Deploy.0 = Ad-Hoc|iPhone
		{8059A08A-1E11-46BC-9808-22FB9C8BC9DE}.Ad-Hoc|iPhone.ActiveCfg = Ad-Hoc|iPhone
		{8059A08A-1E11-46BC-9808-22FB9C8BC9DE}.Ad-Hoc|iPhone.Build.0 = Ad-Hoc|iPhone
		{8059A08A-1E11-46BC-9808-22FB9C8BC9DE}.Ad-Hoc|iPhone.Deploy.0 = Ad-Hoc|iPhone
		{8059A08A-1E11-46BC-9808-22FB9C8BC9DE}.Ad-Hoc|iPhoneSimulator.ActiveCfg = Ad-Hoc|iPhoneSimulator
		{8059A08A-1E11-46BC-9808-22FB9C8BC9DE}.Ad-Hoc|iPhoneSimulator.Build.0 = Ad-Hoc|iPhoneSimulator
		{8059A08A-1E11-46BC-9808-22FB9C8BC9DE}.Ad-Hoc|iPhoneSimulator.Deploy.0 = Ad-Hoc|iPhoneSimulator
		{8059A08A-1E11-46BC-9808-22FB9C8BC9DE}.Ad-Hoc|x64.ActiveCfg = Ad-Hoc|iPhone
		{8059A08A-1E11-46BC-9808-22FB9C8BC9DE}.Ad-Hoc|x64.Build.0 = Ad-Hoc|iPhone
		{8059A08A-1E11-46BC-9808-22FB9C8BC9DE}.Ad-Hoc|x64.Deploy.0 = Ad-Hoc|iPhone
		{8059A08A-1E11-46BC-9808-22FB9C8BC9DE}.Ad-Hoc|x86.ActiveCfg = Ad-Hoc|iPhone
		{8059A08A-1E11-46BC-9808-22FB9C8BC9DE}.Ad-Hoc|x86.Build.0 = Ad-Hoc|iPhone
		{8059A08A-1E11-46BC-9808-22FB9C8BC9DE}.Ad-Hoc|x86.Deploy.0 = Ad-Hoc|iPhone
		{8059A08A-1E11-46BC-9808-22FB9C8BC9DE}.AppStore|Any CPU.ActiveCfg = AppStore|iPhone
		{8059A08A-1E11-46BC-9808-22FB9C8BC9DE}.AppStore|Any CPU.Build.0 = AppStore|iPhone
		{8059A08A-1E11-46BC-9808-22FB9C8BC9DE}.AppStore|Any CPU.Deploy.0 = AppStore|iPhone
		{8059A08A-1E11-46BC-9808-22FB9C8BC9DE}.AppStore|ARM.ActiveCfg = AppStore|iPhone
		{8059A08A-1E11-46BC-9808-22FB9C8BC9DE}.AppStore|ARM.Build.0 = AppStore|iPhone
		{8059A08A-1E11-46BC-9808-22FB9C8BC9DE}.AppStore|ARM.Deploy.0 = AppStore|iPhone
		{8059A08A-1E11-46BC-9808-22FB9C8BC9DE}.AppStore|iPhone.ActiveCfg = AppStore|iPhone
		{8059A08A-1E11-46BC-9808-22FB9C8BC9DE}.AppStore|iPhone.Build.0 = AppStore|iPhone
		{8059A08A-1E11-46BC-9808-22FB9C8BC9DE}.AppStore|iPhone.Deploy.0 = AppStore|iPhone
		{8059A08A-1E11-46BC-9808-22FB9C8BC9DE}.AppStore|iPhoneSimulator.ActiveCfg = AppStore|iPhoneSimulator
		{8059A08A-1E11-46BC-9808-22FB9C8BC9DE}.AppStore|iPhoneSimulator.Build.0 = AppStore|iPhoneSimulator
		{8059A08A-1E11-46BC-9808-22FB9C8BC9DE}.AppStore|iPhoneSimulator.Deploy.0 = AppStore|iPhoneSimulator
		{8059A08A-1E11-46BC-9808-22FB9C8BC9DE}.AppStore|x64.ActiveCfg = AppStore|iPhone
		{8059A08A-1E11-46BC-9808-22FB9C8BC9DE}.AppStore|x64.Build.0 = AppStore|iPhone
		{8059A08A-1E11-46BC-9808-22FB9C8BC9DE}.AppStore|x64.Deploy.0 = AppStore|iPhone
		{8059A08A-1E11-46BC-9808-22FB9C8BC9DE}.AppStore|x86.ActiveCfg = AppStore|iPhone
		{8059A08A-1E11-46BC-9808-22FB9C8BC9DE}.AppStore|x86.Build.0 = AppStore|iPhone
		{8059A08A-1E11-46BC-9808-22FB9C8BC9DE}.AppStore|x86.Deploy.0 = AppStore|iPhone
		{8059A08A-1E11-46BC-9808-22FB9C8BC9DE}.Debug|Any CPU.ActiveCfg = Debug|iPhoneSimulator
		{8059A08A-1E11-46BC-9808-22FB9C8BC9DE}.Debug|Any CPU.Build.0 = Debug|iPhoneSimulator
		{8059A08A-1E11-46BC-9808-22FB9C8BC9DE}.Debug|Any CPU.Deploy.0 = Debug|iPhoneSimulator
		{8059A08A-1E11-46BC-9808-22FB9C8BC9DE}.Debug|ARM.ActiveCfg = Debug|iPhone
		{8059A08A-1E11-46BC-9808-22FB9C8BC9DE}.Debug|ARM.Build.0 = Debug|iPhone
		{8059A08A-1E11-46BC-9808-22FB9C8BC9DE}.Debug|ARM.Deploy.0 = Debug|iPhone
		{8059A08A-1E11-46BC-9808-22FB9C8BC9DE}.Debug|iPhone.ActiveCfg = Debug|iPhone
		{8059A08A-1E11-46BC-9808-22FB9C8BC9DE}.Debug|iPhone.Build.0 = Debug|iPhone
		{8059A08A-1E11-46BC-9808-22FB9C8BC9DE}.Debug|iPhone.Deploy.0 = Debug|iPhone
		{8059A08A-1E11-46BC-9808-22FB9C8BC9DE}.Debug|iPhoneSimulator.ActiveCfg = Debug|iPhoneSimulator
		{8059A08A-1E11-46BC-9808-22FB9C8BC9DE}.Debug|iPhoneSimulator.Build.0 = Debug|iPhoneSimulator
		{8059A08A-1E11-46BC-9808-22FB9C8BC9DE}.Debug|iPhoneSimulator.Deploy.0 = Debug|iPhoneSimulator
		{8059A08A-1E11-46BC-9808-22FB9C8BC9DE}.Debug|x64.ActiveCfg = Debug|iPhone
		{8059A08A-1E11-46BC-9808-22FB9C8BC9DE}.Debug|x64.Build.0 = Debug|iPhone
		{8059A08A-1E11-46BC-9808-22FB9C8BC9DE}.Debug|x64.Deploy.0 = Debug|iPhone
		{8059A08A-1E11-46BC-9808-22FB9C8BC9DE}.Debug|x86.ActiveCfg = Debug|iPhone
		{8059A08A-1E11-46BC-9808-22FB9C8BC9DE}.Debug|x86.Build.0 = Debug|iPhone
		{8059A08A-1E11-46BC-9808-22FB9C8BC9DE}.Debug|x86.Deploy.0 = Debug|iPhone
		{8059A08A-1E11-46BC-9808-22FB9C8BC9DE}.Release|Any CPU.ActiveCfg = Release|iPhone
		{8059A08A-1E11-46BC-9808-22FB9C8BC9DE}.Release|Any CPU.Build.0 = Release|iPhone
		{8059A08A-1E11-46BC-9808-22FB9C8BC9DE}.Release|Any CPU.Deploy.0 = Release|iPhone
		{8059A08A-1E11-46BC-9808-22FB9C8BC9DE}.Release|ARM.ActiveCfg = Release|iPhone
		{8059A08A-1E11-46BC-9808-22FB9C8BC9DE}.Release|ARM.Build.0 = Release|iPhone
		{8059A08A-1E11-46BC-9808-22FB9C8BC9DE}.Release|ARM.Deploy.0 = Release|iPhone
		{8059A08A-1E11-46BC-9808-22FB9C8BC9DE}.Release|iPhone.ActiveCfg = Release|iPhone
		{8059A08A-1E11-46BC-9808-22FB9C8BC9DE}.Release|iPhone.Build.0 = Release|iPhone
		{8059A08A-1E11-46BC-9808-22FB9C8BC9DE}.Release|iPhone.Deploy.0 = Release|iPhone
		{8059A08A-1E11-46BC-9808-22FB9C8BC9DE}.Release|iPhoneSimulator.ActiveCfg = Release|iPhoneSimulator
		{8059A08A-1E11-46BC-9808-22FB9C8BC9DE}.Release|iPhoneSimulator.Build.0 = Release|iPhoneSimulator
		{8059A08A-1E11-46BC-9808-22FB9C8BC9DE}.Release|iPhoneSimulator.Deploy.0 = Release|iPhoneSimulator
		{8059A08A-1E11-46BC-9808-22FB9C8BC9DE}.Release|x64.ActiveCfg = Release|iPhone
		{8059A08A-1E11-46BC-9808-22FB9C8BC9DE}.Release|x64.Build.0 = Release|iPhone
		{8059A08A-1E11-46BC-9808-22FB9C8BC9DE}.Release|x64.Deploy.0 = Release|iPhone
		{8059A08A-1E11-46BC-9808-22FB9C8BC9DE}.Release|x86.ActiveCfg = Release|iPhone
		{8059A08A-1E11-46BC-9808-22FB9C8BC9DE}.Release|x86.Build.0 = Release|iPhone
		{8059A08A-1E11-46BC-9808-22FB9C8BC9DE}.Release|x86.Deploy.0 = Release|iPhone
		{EDB78714-CF65-4D1C-9EFE-D9930C27C93D}.Ad-Hoc|Any CPU.ActiveCfg = Debug|Any CPU
		{EDB78714-CF65-4D1C-9EFE-D9930C27C93D}.Ad-Hoc|Any CPU.Build.0 = Debug|Any CPU
		{EDB78714-CF65-4D1C-9EFE-D9930C27C93D}.Ad-Hoc|Any CPU.Deploy.0 = Debug|Any CPU
		{EDB78714-CF65-4D1C-9EFE-D9930C27C93D}.Ad-Hoc|ARM.ActiveCfg = Debug|Any CPU
		{EDB78714-CF65-4D1C-9EFE-D9930C27C93D}.Ad-Hoc|ARM.Build.0 = Debug|Any CPU
		{EDB78714-CF65-4D1C-9EFE-D9930C27C93D}.Ad-Hoc|ARM.Deploy.0 = Debug|Any CPU
		{EDB78714-CF65-4D1C-9EFE-D9930C27C93D}.Ad-Hoc|iPhone.ActiveCfg = Debug|Any CPU
		{EDB78714-CF65-4D1C-9EFE-D9930C27C93D}.Ad-Hoc|iPhone.Build.0 = Debug|Any CPU
		{EDB78714-CF65-4D1C-9EFE-D9930C27C93D}.Ad-Hoc|iPhone.Deploy.0 = Debug|Any CPU
		{EDB78714-CF65-4D1C-9EFE-D9930C27C93D}.Ad-Hoc|iPhoneSimulator.ActiveCfg = Debug|Any CPU
		{EDB78714-CF65-4D1C-9EFE-D9930C27C93D}.Ad-Hoc|iPhoneSimulator.Build.0 = Debug|Any CPU
		{EDB78714-CF65-4D1C-9EFE-D9930C27C93D}.Ad-Hoc|iPhoneSimulator.Deploy.0 = Debug|Any CPU
		{EDB78714-CF65-4D1C-9EFE-D9930C27C93D}.Ad-Hoc|x64.ActiveCfg = Debug|Any CPU
		{EDB78714-CF65-4D1C-9EFE-D9930C27C93D}.Ad-Hoc|x64.Build.0 = Debug|Any CPU
		{EDB78714-CF65-4D1C-9EFE-D9930C27C93D}.Ad-Hoc|x64.Deploy.0 = Debug|Any CPU
		{EDB78714-CF65-4D1C-9EFE-D9930C27C93D}.Ad-Hoc|x86.ActiveCfg = Debug|Any CPU
		{EDB78714-CF65-4D1C-9EFE-D9930C27C93D}.Ad-Hoc|x86.Build.0 = Debug|Any CPU
		{EDB78714-CF65-4D1C-9EFE-D9930C27C93D}.Ad-Hoc|x86.Deploy.0 = Debug|Any CPU
		{EDB78714-CF65-4D1C-9EFE-D9930C27C93D}.AppStore|Any CPU.ActiveCfg = Debug|Any CPU
		{EDB78714-CF65-4D1C-9EFE-D9930C27C93D}.AppStore|Any CPU.Build.0 = Debug|Any CPU
		{EDB78714-CF65-4D1C-9EFE-D9930C27C93D}.AppStore|Any CPU.Deploy.0 = Debug|Any CPU
		{EDB78714-CF65-4D1C-9EFE-D9930C27C93D}.AppStore|ARM.ActiveCfg = Debug|Any CPU
		{EDB78714-CF65-4D1C-9EFE-D9930C27C93D}.AppStore|ARM.Build.0 = Debug|Any CPU
		{EDB78714-CF65-4D1C-9EFE-D9930C27C93D}.AppStore|ARM.Deploy.0 = Debug|Any CPU
		{EDB78714-CF65-4D1C-9EFE-D9930C27C93D}.AppStore|iPhone.ActiveCfg = Debug|Any CPU
		{EDB78714-CF65-4D1C-9EFE-D9930C27C93D}.AppStore|iPhone.Build.0 = Debug|Any CPU
		{EDB78714-CF65-4D1C-9EFE-D9930C27C93D}.AppStore|iPhone.Deploy.0 = Debug|Any CPU
		{EDB78714-CF65-4D1C-9EFE-D9930C27C93D}.AppStore|iPhoneSimulator.ActiveCfg = Debug|Any CPU
		{EDB78714-CF65-4D1C-9EFE-D9930C27C93D}.AppStore|iPhoneSimulator.Build.0 = Debug|Any CPU
		{EDB78714-CF65-4D1C-9EFE-D9930C27C93D}.AppStore|iPhoneSimulator.Deploy.0 = Debug|Any CPU
		{EDB78714-CF65-4D1C-9EFE-D9930C27C93D}.AppStore|x64.ActiveCfg = Debug|Any CPU
		{EDB78714-CF65-4D1C-9EFE-D9930C27C93D}.AppStore|x64.Build.0 = Debug|Any CPU
		{EDB78714-CF65-4D1C-9EFE-D9930C27C93D}.AppStore|x64.Deploy.0 = Debug|Any CPU
		{EDB78714-CF65-4D1C-9EFE-D9930C27C93D}.AppStore|x86.ActiveCfg = Debug|Any CPU
		{EDB78714-CF65-4D1C-9EFE-D9930C27C93D}.AppStore|x86.Build.0 = Debug|Any CPU
		{EDB78714-CF65-4D1C-9EFE-D9930C27C93D}.AppStore|x86.Deploy.0 = Debug|Any CPU
		{EDB78714-CF65-4D1C-9EFE-D9930C27C93D}.Debug|Any CPU.ActiveCfg = Debug|Any CPU
		{EDB78714-CF65-4D1C-9EFE-D9930C27C93D}.Debug|Any CPU.Build.0 = Debug|Any CPU
		{EDB78714-CF65-4D1C-9EFE-D9930C27C93D}.Debug|Any CPU.Deploy.0 = Debug|Any CPU
		{EDB78714-CF65-4D1C-9EFE-D9930C27C93D}.Debug|ARM.ActiveCfg = Debug|Any CPU
		{EDB78714-CF65-4D1C-9EFE-D9930C27C93D}.Debug|ARM.Build.0 = Debug|Any CPU
		{EDB78714-CF65-4D1C-9EFE-D9930C27C93D}.Debug|ARM.Deploy.0 = Debug|Any CPU
		{EDB78714-CF65-4D1C-9EFE-D9930C27C93D}.Debug|iPhone.ActiveCfg = Debug|Any CPU
		{EDB78714-CF65-4D1C-9EFE-D9930C27C93D}.Debug|iPhone.Build.0 = Debug|Any CPU
		{EDB78714-CF65-4D1C-9EFE-D9930C27C93D}.Debug|iPhone.Deploy.0 = Debug|Any CPU
		{EDB78714-CF65-4D1C-9EFE-D9930C27C93D}.Debug|iPhoneSimulator.ActiveCfg = Debug|Any CPU
		{EDB78714-CF65-4D1C-9EFE-D9930C27C93D}.Debug|iPhoneSimulator.Build.0 = Debug|Any CPU
		{EDB78714-CF65-4D1C-9EFE-D9930C27C93D}.Debug|iPhoneSimulator.Deploy.0 = Debug|Any CPU
		{EDB78714-CF65-4D1C-9EFE-D9930C27C93D}.Debug|x64.ActiveCfg = Debug|Any CPU
		{EDB78714-CF65-4D1C-9EFE-D9930C27C93D}.Debug|x64.Build.0 = Debug|Any CPU
		{EDB78714-CF65-4D1C-9EFE-D9930C27C93D}.Debug|x64.Deploy.0 = Debug|Any CPU
		{EDB78714-CF65-4D1C-9EFE-D9930C27C93D}.Debug|x86.ActiveCfg = Debug|Any CPU
		{EDB78714-CF65-4D1C-9EFE-D9930C27C93D}.Debug|x86.Build.0 = Debug|Any CPU
		{EDB78714-CF65-4D1C-9EFE-D9930C27C93D}.Debug|x86.Deploy.0 = Debug|Any CPU
		{EDB78714-CF65-4D1C-9EFE-D9930C27C93D}.Release|Any CPU.ActiveCfg = Release|Any CPU
		{EDB78714-CF65-4D1C-9EFE-D9930C27C93D}.Release|Any CPU.Build.0 = Release|Any CPU
		{EDB78714-CF65-4D1C-9EFE-D9930C27C93D}.Release|Any CPU.Deploy.0 = Release|Any CPU
		{EDB78714-CF65-4D1C-9EFE-D9930C27C93D}.Release|ARM.ActiveCfg = Release|Any CPU
		{EDB78714-CF65-4D1C-9EFE-D9930C27C93D}.Release|ARM.Build.0 = Release|Any CPU
		{EDB78714-CF65-4D1C-9EFE-D9930C27C93D}.Release|ARM.Deploy.0 = Release|Any CPU
		{EDB78714-CF65-4D1C-9EFE-D9930C27C93D}.Release|iPhone.ActiveCfg = Release|Any CPU
		{EDB78714-CF65-4D1C-9EFE-D9930C27C93D}.Release|iPhone.Build.0 = Release|Any CPU
		{EDB78714-CF65-4D1C-9EFE-D9930C27C93D}.Release|iPhone.Deploy.0 = Release|Any CPU
		{EDB78714-CF65-4D1C-9EFE-D9930C27C93D}.Release|iPhoneSimulator.ActiveCfg = Release|Any CPU
		{EDB78714-CF65-4D1C-9EFE-D9930C27C93D}.Release|iPhoneSimulator.Build.0 = Release|Any CPU
		{EDB78714-CF65-4D1C-9EFE-D9930C27C93D}.Release|iPhoneSimulator.Deploy.0 = Release|Any CPU
		{EDB78714-CF65-4D1C-9EFE-D9930C27C93D}.Release|x64.ActiveCfg = Release|Any CPU
		{EDB78714-CF65-4D1C-9EFE-D9930C27C93D}.Release|x64.Build.0 = Release|Any CPU
		{EDB78714-CF65-4D1C-9EFE-D9930C27C93D}.Release|x64.Deploy.0 = Release|Any CPU
		{EDB78714-CF65-4D1C-9EFE-D9930C27C93D}.Release|x86.ActiveCfg = Release|Any CPU
		{EDB78714-CF65-4D1C-9EFE-D9930C27C93D}.Release|x86.Build.0 = Release|Any CPU
		{EDB78714-CF65-4D1C-9EFE-D9930C27C93D}.Release|x86.Deploy.0 = Release|Any CPU
	EndGlobalSection
	GlobalSection(SolutionProperties) = preSolution
		HideSolutionNode = FALSE
	EndGlobalSection
	GlobalSection(ExtensibilityGlobals) = postSolution
		SolutionGuid = {BED05C27-D3E9-4459-8AD6-031735E62BD7}
	EndGlobalSection
EndGlobal
